
Microsoft Visual Studio Solution File, Format Version 12.00
# Visual Studio 15
VisualStudioVersion = 15.0.28307.1062
MinimumVisualStudioVersion = 10.0.40219.1
Project("{FAE04EC0-301F-11D3-BF4B-00C04F79EFBC}") = "глава 31", "глава 31\глава 31.csproj", "{FFD0E183-23FD-4B27-8328-8C3F8B56C544}"
EndProject
Global
	GlobalSection(SolutionConfigurationPlatforms) = preSolution
		Debug|Any CPU = Debug|Any CPU
		Release|Any CPU = Release|Any CPU
	EndGlobalSection
	GlobalSection(ProjectConfigurationPlatforms) = postSolution
		{FFD0E183-23FD-4B27-8328-8C3F8B56C544}.Debug|Any CPU.ActiveCfg = Debug|Any CPU
		{FFD0E183-23FD-4B27-8328-8C3F8B56C544}.Debug|Any CPU.Build.0 = Debug|Any CPU
		{FFD0E183-23FD-4B27-8328-8C3F8B56C544}.Release|Any CPU.ActiveCfg = Release|Any CPU
		{FFD0E183-23FD-4B27-8328-8C3F8B56C544}.Release|Any CPU.Build.0 = Release|Any CPU
	EndGlobalSection
	GlobalSection(SolutionProperties) = preSolution
		HideSolutionNode = FALSE
	EndGlobalSection
	GlobalSection(ExtensibilityGlobals) = postSolution
		SolutionGuid = {42AD1E75-0627-4446-8738-9B2268D7F139}
	EndGlobalSection
EndGlobal
