
Microsoft Visual Studio Solution File, Format Version 12.00
# Visual Studio 15
VisualStudioVersion = 15.0.28307.1062
MinimumVisualStudioVersion = 10.0.40219.1
Project("{FAE04EC0-301F-11D3-BF4B-00C04F79EFBC}") = "глава 29", "глава 29\глава 29.csproj", "{18523372-2F15-47FD-805A-C886CA05DC28}"
EndProject
Global
	GlobalSection(SolutionConfigurationPlatforms) = preSolution
		Debug|Any CPU = Debug|Any CPU
		Release|Any CPU = Release|Any CPU
	EndGlobalSection
	GlobalSection(ProjectConfigurationPlatforms) = postSolution
		{18523372-2F15-47FD-805A-C886CA05DC28}.Debug|Any CPU.ActiveCfg = Debug|Any CPU
		{18523372-2F15-47FD-805A-C886CA05DC28}.Debug|Any CPU.Build.0 = Debug|Any CPU
		{18523372-2F15-47FD-805A-C886CA05DC28}.Release|Any CPU.ActiveCfg = Release|Any CPU
		{18523372-2F15-47FD-805A-C886CA05DC28}.Release|Any CPU.Build.0 = Release|Any CPU
	EndGlobalSection
	GlobalSection(SolutionProperties) = preSolution
		HideSolutionNode = FALSE
	EndGlobalSection
	GlobalSection(ExtensibilityGlobals) = postSolution
		SolutionGuid = {2F7B4F38-0D98-46A7-B678-9C735C510CA2}
	EndGlobalSection
EndGlobal
