
Microsoft Visual Studio Solution File, Format Version 12.00
# Visual Studio 15
VisualStudioVersion = 15.0.28307.1062
MinimumVisualStudioVersion = 10.0.40219.1
Project("{FAE04EC0-301F-11D3-BF4B-00C04F79EFBC}") = "глава 28", "глава 28\глава 28.csproj", "{3ACE1B2A-F27A-4E26-8526-6178EBA032B9}"
EndProject
Global
	GlobalSection(SolutionConfigurationPlatforms) = preSolution
		Debug|Any CPU = Debug|Any CPU
		Release|Any CPU = Release|Any CPU
	EndGlobalSection
	GlobalSection(ProjectConfigurationPlatforms) = postSolution
		{3ACE1B2A-F27A-4E26-8526-6178EBA032B9}.Debug|Any CPU.ActiveCfg = Debug|Any CPU
		{3ACE1B2A-F27A-4E26-8526-6178EBA032B9}.Debug|Any CPU.Build.0 = Debug|Any CPU
		{3ACE1B2A-F27A-4E26-8526-6178EBA032B9}.Release|Any CPU.ActiveCfg = Release|Any CPU
		{3ACE1B2A-F27A-4E26-8526-6178EBA032B9}.Release|Any CPU.Build.0 = Release|Any CPU
	EndGlobalSection
	GlobalSection(SolutionProperties) = preSolution
		HideSolutionNode = FALSE
	EndGlobalSection
	GlobalSection(ExtensibilityGlobals) = postSolution
		SolutionGuid = {297A2341-6EF4-4143-BDC7-49EF3D10F7FC}
	EndGlobalSection
EndGlobal
